
Microsoft Visual Studio Solution File, Format Version 12.00
# Visual Studio Version 17
VisualStudioVersion = 17.3.32804.467
MinimumVisualStudioVersion = 10.0.40219.1
Project("{9A19103F-16F7-4668-BE54-9A1E7A4F7556}") = "HVexTransformer.Domain", "HVexTransformer.Domain\HVexTransformer.Domain.csproj", "{A2AF0509-EC5F-403F-9FE9-57B251FC9EE1}"
EndProject
Project("{9A19103F-16F7-4668-BE54-9A1E7A4F7556}") = "HVexTransformer.Infra", "HVexTransformer.Infra\HVexTransformer.Infra.csproj", "{43545B8E-6908-4BF6-831C-9B83118C1F0B}"
EndProject
Project("{9A19103F-16F7-4668-BE54-9A1E7A4F7556}") = "HVexTransformer.CrossCutting", "HVexTransformer.CrossCutting\HVexTransformer.CrossCutting.csproj", "{014B316C-BCFE-4583-AD86-8BED37E669DE}"
EndProject
Project("{9A19103F-16F7-4668-BE54-9A1E7A4F7556}") = "HVexTransformer.Api", "HVexTransformer.Api\HVexTransformer.Api.csproj", "{87079572-2299-460C-8300-C3089A5BFA4F}"
EndProject
Project("{9A19103F-16F7-4668-BE54-9A1E7A4F7556}") = "HVexTransformer.Application", "HVexTransformer.Application\HVexTransformer.Application.csproj", "{649F2545-DCBA-496E-B2EE-DA77E43DF943}"
EndProject
Global
	GlobalSection(SolutionConfigurationPlatforms) = preSolution
		Debug|Any CPU = Debug|Any CPU
		Release|Any CPU = Release|Any CPU
	EndGlobalSection
	GlobalSection(ProjectConfigurationPlatforms) = postSolution
		{A2AF0509-EC5F-403F-9FE9-57B251FC9EE1}.Debug|Any CPU.ActiveCfg = Debug|Any CPU
		{A2AF0509-EC5F-403F-9FE9-57B251FC9EE1}.Debug|Any CPU.Build.0 = Debug|Any CPU
		{A2AF0509-EC5F-403F-9FE9-57B251FC9EE1}.Release|Any CPU.ActiveCfg = Release|Any CPU
		{A2AF0509-EC5F-403F-9FE9-57B251FC9EE1}.Release|Any CPU.Build.0 = Release|Any CPU
		{43545B8E-6908-4BF6-831C-9B83118C1F0B}.Debug|Any CPU.ActiveCfg = Debug|Any CPU
		{43545B8E-6908-4BF6-831C-9B83118C1F0B}.Debug|Any CPU.Build.0 = Debug|Any CPU
		{43545B8E-6908-4BF6-831C-9B83118C1F0B}.Release|Any CPU.ActiveCfg = Release|Any CPU
		{43545B8E-6908-4BF6-831C-9B83118C1F0B}.Release|Any CPU.Build.0 = Release|Any CPU
		{014B316C-BCFE-4583-AD86-8BED37E669DE}.Debug|Any CPU.ActiveCfg = Debug|Any CPU
		{014B316C-BCFE-4583-AD86-8BED37E669DE}.Debug|Any CPU.Build.0 = Debug|Any CPU
		{014B316C-BCFE-4583-AD86-8BED37E669DE}.Release|Any CPU.ActiveCfg = Release|Any CPU
		{014B316C-BCFE-4583-AD86-8BED37E669DE}.Release|Any CPU.Build.0 = Release|Any CPU
		{87079572-2299-460C-8300-C3089A5BFA4F}.Debug|Any CPU.ActiveCfg = Debug|Any CPU
		{87079572-2299-460C-8300-C3089A5BFA4F}.Debug|Any CPU.Build.0 = Debug|Any CPU
		{87079572-2299-460C-8300-C3089A5BFA4F}.Release|Any CPU.ActiveCfg = Release|Any CPU
		{87079572-2299-460C-8300-C3089A5BFA4F}.Release|Any CPU.Build.0 = Release|Any CPU
		{649F2545-DCBA-496E-B2EE-DA77E43DF943}.Debug|Any CPU.ActiveCfg = Debug|Any CPU
		{649F2545-DCBA-496E-B2EE-DA77E43DF943}.Debug|Any CPU.Build.0 = Debug|Any CPU
		{649F2545-DCBA-496E-B2EE-DA77E43DF943}.Release|Any CPU.ActiveCfg = Release|Any CPU
		{649F2545-DCBA-496E-B2EE-DA77E43DF943}.Release|Any CPU.Build.0 = Release|Any CPU
	EndGlobalSection
	GlobalSection(SolutionProperties) = preSolution
		HideSolutionNode = FALSE
	EndGlobalSection
	GlobalSection(ExtensibilityGlobals) = postSolution
		SolutionGuid = {CFC9D79A-CE81-447F-AD7D-549BA3F0A1A5}
	EndGlobalSection
EndGlobal
